{
  "nodes": {
    "disko": {
      "inputs": {
        "nixpkgs": [
          "nixpkgs"
        ]
      },
      "locked": {
        "lastModified": 1720056646,
        "narHash": "sha256-BymcV4HWtx2VFuabDCM4/nEJcfivCx0S02wUCz11mAY=",
        "owner": "nix-community",
        "repo": "disko",
        "rev": "64679cd7f318c9b6595902b47d4585b1d51d5f9e",
        "type": "github"
      },
      "original": {
        "owner": "nix-community",
        "repo": "disko",
        "type": "github"
      }
    },
    "nixpkgs": {
      "locked": {
        "lastModified": 1720054931,
        "narHash": "sha256-scsZLzV/mGMbKdH1vrLmNuXtrQK8xo4vzAs05ZeGO40=",
        "owner": "nixos",
        "repo": "nixpkgs",
        "rev": "8668e0cd7cdcd7c048aa0aedb8051feb44e04130",
        "type": "github"
      },
      "original": {
        "owner": "nixos",
        "ref": "release-24.05",
        "repo": "nixpkgs",
        "type": "github"
      }
    },
    "root": {
      "inputs": {
        "disko": "disko",
        "nixpkgs": "nixpkgs",
        "systems": "systems"
      }
    },
    "systems": {
      "locked": {
        "lastModified": 1681028828,
        "narHash": "sha256-Vy1rq5AaRuLzOxct8nz4T6wlgyUR7zLU309k9mBC768=",
        "owner": "nix-systems",
        "repo": "default",
        "rev": "da67096a3b9bf56a91d16901293e51ba5b49a27e",
        "type": "github"
      },
      "original": {
        "owner": "nix-systems",
        "repo": "default",
        "type": "github"
      }
    }
  },
  "root": "root",
  "version": 7
}
